
Microsoft Visual Studio Solution File, Format Version 12.00
# Visual Studio 15
VisualStudioVersion = 15.0.28307.489
MinimumVisualStudioVersion = 10.0.40219.1
Project("{FAE04EC0-301F-11D3-BF4B-00C04F79EFBC}") = "HealthChecker.Sample", "src\HealthChecker.Sample\HealthChecker.Sample.csproj", "{ABCEFE5F-443C-4F9A-96BF-F6AB333FB1CC}"
EndProject
Project("{FAE04EC0-301F-11D3-BF4B-00C04F79EFBC}") = "HealthChecker", "src\HealthChecker\HealthChecker.csproj", "{3490C761-16DF-4C02-B895-A9660376E61F}"
EndProject
Project("{FAE04EC0-301F-11D3-BF4B-00C04F79EFBC}") = "HealthChecker.Tests", "test\HealthChecker.Tests\HealthChecker.Tests.csproj", "{4FE952B9-2156-4CC4-897A-7991771841D4}"
EndProject
Project("{FAE04EC0-301F-11D3-BF4B-00C04F79EFBC}") = "HealthChecker.Sql", "src\HealthChecker.Sql\HealthChecker.Sql.csproj", "{4289C64D-9E91-47F7-A5A5-6B5BF671A0B0}"
EndProject
Project("{FAE04EC0-301F-11D3-BF4B-00C04F79EFBC}") = "HealthChecker.Redis", "src\HealthChecker.Redis\HealthChecker.Redis.csproj", "{F8DFF103-E440-476D-B151-ED953DA09B00}"
EndProject
Global
	GlobalSection(SolutionConfigurationPlatforms) = preSolution
		Debug|Any CPU = Debug|Any CPU
		Release|Any CPU = Release|Any CPU
	EndGlobalSection
	GlobalSection(ProjectConfigurationPlatforms) = postSolution
		{ABCEFE5F-443C-4F9A-96BF-F6AB333FB1CC}.Debug|Any CPU.ActiveCfg = Debug|Any CPU
		{ABCEFE5F-443C-4F9A-96BF-F6AB333FB1CC}.Debug|Any CPU.Build.0 = Debug|Any CPU
		{ABCEFE5F-443C-4F9A-96BF-F6AB333FB1CC}.Release|Any CPU.ActiveCfg = Release|Any CPU
		{ABCEFE5F-443C-4F9A-96BF-F6AB333FB1CC}.Release|Any CPU.Build.0 = Release|Any CPU
		{3490C761-16DF-4C02-B895-A9660376E61F}.Debug|Any CPU.ActiveCfg = Debug|Any CPU
		{3490C761-16DF-4C02-B895-A9660376E61F}.Debug|Any CPU.Build.0 = Debug|Any CPU
		{3490C761-16DF-4C02-B895-A9660376E61F}.Release|Any CPU.ActiveCfg = Release|Any CPU
		{3490C761-16DF-4C02-B895-A9660376E61F}.Release|Any CPU.Build.0 = Release|Any CPU
		{4FE952B9-2156-4CC4-897A-7991771841D4}.Debug|Any CPU.ActiveCfg = Debug|Any CPU
		{4FE952B9-2156-4CC4-897A-7991771841D4}.Debug|Any CPU.Build.0 = Debug|Any CPU
		{4FE952B9-2156-4CC4-897A-7991771841D4}.Release|Any CPU.ActiveCfg = Release|Any CPU
		{4FE952B9-2156-4CC4-897A-7991771841D4}.Release|Any CPU.Build.0 = Release|Any CPU
		{4289C64D-9E91-47F7-A5A5-6B5BF671A0B0}.Debug|Any CPU.ActiveCfg = Debug|Any CPU
		{4289C64D-9E91-47F7-A5A5-6B5BF671A0B0}.Debug|Any CPU.Build.0 = Debug|Any CPU
		{4289C64D-9E91-47F7-A5A5-6B5BF671A0B0}.Release|Any CPU.ActiveCfg = Release|Any CPU
		{4289C64D-9E91-47F7-A5A5-6B5BF671A0B0}.Release|Any CPU.Build.0 = Release|Any CPU
		{F8DFF103-E440-476D-B151-ED953DA09B00}.Debug|Any CPU.ActiveCfg = Debug|Any CPU
		{F8DFF103-E440-476D-B151-ED953DA09B00}.Debug|Any CPU.Build.0 = Debug|Any CPU
		{F8DFF103-E440-476D-B151-ED953DA09B00}.Release|Any CPU.ActiveCfg = Release|Any CPU
		{F8DFF103-E440-476D-B151-ED953DA09B00}.Release|Any CPU.Build.0 = Release|Any CPU
	EndGlobalSection
	GlobalSection(SolutionProperties) = preSolution
		HideSolutionNode = FALSE
	EndGlobalSection
	GlobalSection(ExtensibilityGlobals) = postSolution
		SolutionGuid = {D9C4298F-3310-46C5-BB4C-8EF223FD19BC}
	EndGlobalSection
EndGlobal
